
Microsoft Visual Studio Solution File, Format Version 11.00
# Visual Studio 2010
Project("{FAE04EC0-301F-11D3-BF4B-00C04F79EFBC}") = "server.net", "server.net\server.net.csproj", "{A9034E9F-BFF1-4580-8380-1DBA74AAF52D}"
EndProject
Global
	GlobalSection(SolutionConfigurationPlatforms) = preSolution
		Debug|Any CPU = Debug|Any CPU
		Release|Any CPU = Release|Any CPU
	EndGlobalSection
	GlobalSection(ProjectConfigurationPlatforms) = postSolution
		{A9034E9F-BFF1-4580-8380-1DBA74AAF52D}.Debug|Any CPU.ActiveCfg = Debug|Any CPU
		{A9034E9F-BFF1-4580-8380-1DBA74AAF52D}.Debug|Any CPU.Build.0 = Debug|Any CPU
		{A9034E9F-BFF1-4580-8380-1DBA74AAF52D}.Release|Any CPU.ActiveCfg = Release|Any CPU
		{A9034E9F-BFF1-4580-8380-1DBA74AAF52D}.Release|Any CPU.Build.0 = Release|Any CPU
	EndGlobalSection
	GlobalSection(SolutionProperties) = preSolution
		HideSolutionNode = FALSE
	EndGlobalSection
EndGlobal
